
Microsoft Visual Studio Solution File, Format Version 12.00
# Visual Studio Version 16
VisualStudioVersion = 16.0.31112.23
MinimumVisualStudioVersion = 10.0.40219.1
Project("{8BC9CEB8-8B4A-11D0-8D11-00A0C91BC942}") = "Списки", "Списки\Списки.vcxproj", "{4DDB5A02-ED6B-49A3-B64D-FA7DF64E82B8}"
EndProject
Global
	GlobalSection(SolutionConfigurationPlatforms) = preSolution
		Debug|x64 = Debug|x64
		Debug|x86 = Debug|x86
		Release|x64 = Release|x64
		Release|x86 = Release|x86
	EndGlobalSection
	GlobalSection(ProjectConfigurationPlatforms) = postSolution
		{4DDB5A02-ED6B-49A3-B64D-FA7DF64E82B8}.Debug|x64.ActiveCfg = Debug|x64
		{4DDB5A02-ED6B-49A3-B64D-FA7DF64E82B8}.Debug|x64.Build.0 = Debug|x64
		{4DDB5A02-ED6B-49A3-B64D-FA7DF64E82B8}.Debug|x86.ActiveCfg = Debug|Win32
		{4DDB5A02-ED6B-49A3-B64D-FA7DF64E82B8}.Debug|x86.Build.0 = Debug|Win32
		{4DDB5A02-ED6B-49A3-B64D-FA7DF64E82B8}.Release|x64.ActiveCfg = Release|x64
		{4DDB5A02-ED6B-49A3-B64D-FA7DF64E82B8}.Release|x64.Build.0 = Release|x64
		{4DDB5A02-ED6B-49A3-B64D-FA7DF64E82B8}.Release|x86.ActiveCfg = Release|Win32
		{4DDB5A02-ED6B-49A3-B64D-FA7DF64E82B8}.Release|x86.Build.0 = Release|Win32
	EndGlobalSection
	GlobalSection(SolutionProperties) = preSolution
		HideSolutionNode = FALSE
	EndGlobalSection
	GlobalSection(ExtensibilityGlobals) = postSolution
		SolutionGuid = {F39E3BAD-7612-4BE1-9088-79C70B37CDBB}
	EndGlobalSection
EndGlobal
