
Microsoft Visual Studio Solution File, Format Version 12.00
# Visual Studio Version 16
VisualStudioVersion = 16.0.31624.102
MinimumVisualStudioVersion = 10.0.40219.1
Project("{8BC9CEB8-8B4A-11D0-8D11-00A0C91BC942}") = "lb 5", "lb 5\lb 5.vcxproj", "{53FAB2E5-1E41-4BBD-96E7-A97B3B35AA66}"
EndProject
Global
	GlobalSection(SolutionConfigurationPlatforms) = preSolution
		Debug|x64 = Debug|x64
		Debug|x86 = Debug|x86
		Release|x64 = Release|x64
		Release|x86 = Release|x86
	EndGlobalSection
	GlobalSection(ProjectConfigurationPlatforms) = postSolution
		{53FAB2E5-1E41-4BBD-96E7-A97B3B35AA66}.Debug|x64.ActiveCfg = Debug|x64
		{53FAB2E5-1E41-4BBD-96E7-A97B3B35AA66}.Debug|x64.Build.0 = Debug|x64
		{53FAB2E5-1E41-4BBD-96E7-A97B3B35AA66}.Debug|x86.ActiveCfg = Debug|Win32
		{53FAB2E5-1E41-4BBD-96E7-A97B3B35AA66}.Debug|x86.Build.0 = Debug|Win32
		{53FAB2E5-1E41-4BBD-96E7-A97B3B35AA66}.Release|x64.ActiveCfg = Release|x64
		{53FAB2E5-1E41-4BBD-96E7-A97B3B35AA66}.Release|x64.Build.0 = Release|x64
		{53FAB2E5-1E41-4BBD-96E7-A97B3B35AA66}.Release|x86.ActiveCfg = Release|Win32
		{53FAB2E5-1E41-4BBD-96E7-A97B3B35AA66}.Release|x86.Build.0 = Release|Win32
	EndGlobalSection
	GlobalSection(SolutionProperties) = preSolution
		HideSolutionNode = FALSE
	EndGlobalSection
	GlobalSection(ExtensibilityGlobals) = postSolution
		SolutionGuid = {8025869A-1CC1-4B10-BD90-396D846C268F}
	EndGlobalSection
EndGlobal
